
Microsoft Visual Studio Solution File, Format Version 12.00
# Visual Studio Version 16
VisualStudioVersion = 16.0.30128.74
MinimumVisualStudioVersion = 10.0.40219.1
Project("{8BC9CEB8-8B4A-11D0-8D11-00A0C91BC942}") = "HelloWorld", "CUDA\CUDA.vcxproj", "{653836F6-5028-4695-A803-0378CE65FE3A}"
EndProject
Project("{8BC9CEB8-8B4A-11D0-8D11-00A0C91BC942}") = "Map", "Map\Map.vcxproj", "{65E2E7BB-BB3A-4CBF-B52C-EFB1FB52C923}"
EndProject
Project("{8BC9CEB8-8B4A-11D0-8D11-00A0C91BC942}") = "Reduce", "Reduce\Reduce.vcxproj", "{A19DEEFD-EF54-4F9E-9CD2-BA3AE8DD5FDE}"
EndProject
Project("{8BC9CEB8-8B4A-11D0-8D11-00A0C91BC942}") = "Scan", "Scan\Scan.vcxproj", "{6937E493-C01A-4219-9143-BD88DFC1C6CB}"
EndProject
Project("{8BC9CEB8-8B4A-11D0-8D11-00A0C91BC942}") = "BlackScholes", "BlackScholes\BlackScholes.vcxproj", "{1ABE3648-0B50-4506-92DC-73BB56F8E1AC}"
EndProject
Project("{8BC9CEB8-8B4A-11D0-8D11-00A0C91BC942}") = "BitmapSync", "BitmapSync\BitmapSync.vcxproj", "{8E673F4C-6093-449C-830C-87362ABEFC94}"
EndProject
Project("{8BC9CEB8-8B4A-11D0-8D11-00A0C91BC942}") = "AtomicSum", "AtomicSum\AtomicSum.vcxproj", "{0D367740-03D7-47E8-96C7-8DC301BF8A2C}"
EndProject
Project("{8BC9CEB8-8B4A-11D0-8D11-00A0C91BC942}") = "MonteCarloPi", "MonteCarloPi\MonteCarloPi.vcxproj", "{1CEA5D9C-B6DE-4D3E-9357-8F5135AE87DE}"
EndProject
Project("{8BC9CEB8-8B4A-11D0-8D11-00A0C91BC942}") = "PinnedMemory", "PinnedMemory\PinnedMemory.vcxproj", "{08052913-03BF-432A-A559-5AD249104253}"
EndProject
Project("{8BC9CEB8-8B4A-11D0-8D11-00A0C91BC942}") = "Streams", "Stremas\Stremas.vcxproj", "{CA5177A0-9C9B-46C1-8FA7-605C6CC8BAD7}"
EndProject
Project("{8BC9CEB8-8B4A-11D0-8D11-00A0C91BC942}") = "MultipleGPUs", "MultipleGPUs\MultipleGPUs.vcxproj", "{FDCA0E87-9C1D-4D59-B561-D49EECAD2F71}"
EndProject
Project("{8BC9CEB8-8B4A-11D0-8D11-00A0C91BC942}") = "RandomImageGen", "RandomImageGen\RandomImageGen.vcxproj", "{479AD568-DA53-484A-BA62-23D22AAB3AF6}"
EndProject
Project("{8BC9CEB8-8B4A-11D0-8D11-00A0C91BC942}") = "Thrust", "Thrust\Thrust.vcxproj", "{6751918B-A141-489E-9B51-BF141603D0F1}"
EndProject
Global
	GlobalSection(SolutionConfigurationPlatforms) = preSolution
		Debug|x64 = Debug|x64
		Debug|x86 = Debug|x86
		Release|x64 = Release|x64
		Release|x86 = Release|x86
	EndGlobalSection
	GlobalSection(ProjectConfigurationPlatforms) = postSolution
		{653836F6-5028-4695-A803-0378CE65FE3A}.Debug|x64.ActiveCfg = Debug|x64
		{653836F6-5028-4695-A803-0378CE65FE3A}.Debug|x64.Build.0 = Debug|x64
		{653836F6-5028-4695-A803-0378CE65FE3A}.Debug|x86.ActiveCfg = Debug|Win32
		{653836F6-5028-4695-A803-0378CE65FE3A}.Debug|x86.Build.0 = Debug|Win32
		{653836F6-5028-4695-A803-0378CE65FE3A}.Release|x64.ActiveCfg = Release|x64
		{653836F6-5028-4695-A803-0378CE65FE3A}.Release|x64.Build.0 = Release|x64
		{653836F6-5028-4695-A803-0378CE65FE3A}.Release|x86.ActiveCfg = Release|Win32
		{653836F6-5028-4695-A803-0378CE65FE3A}.Release|x86.Build.0 = Release|Win32
		{65E2E7BB-BB3A-4CBF-B52C-EFB1FB52C923}.Debug|x64.ActiveCfg = Debug|x64
		{65E2E7BB-BB3A-4CBF-B52C-EFB1FB52C923}.Debug|x64.Build.0 = Debug|x64
		{65E2E7BB-BB3A-4CBF-B52C-EFB1FB52C923}.Debug|x86.ActiveCfg = Debug|Win32
		{65E2E7BB-BB3A-4CBF-B52C-EFB1FB52C923}.Debug|x86.Build.0 = Debug|Win32
		{65E2E7BB-BB3A-4CBF-B52C-EFB1FB52C923}.Release|x64.ActiveCfg = Release|x64
		{65E2E7BB-BB3A-4CBF-B52C-EFB1FB52C923}.Release|x64.Build.0 = Release|x64
		{65E2E7BB-BB3A-4CBF-B52C-EFB1FB52C923}.Release|x86.ActiveCfg = Release|Win32
		{65E2E7BB-BB3A-4CBF-B52C-EFB1FB52C923}.Release|x86.Build.0 = Release|Win32
		{A19DEEFD-EF54-4F9E-9CD2-BA3AE8DD5FDE}.Debug|x64.ActiveCfg = Debug|x64
		{A19DEEFD-EF54-4F9E-9CD2-BA3AE8DD5FDE}.Debug|x64.Build.0 = Debug|x64
		{A19DEEFD-EF54-4F9E-9CD2-BA3AE8DD5FDE}.Debug|x86.ActiveCfg = Debug|Win32
		{A19DEEFD-EF54-4F9E-9CD2-BA3AE8DD5FDE}.Debug|x86.Build.0 = Debug|Win32
		{A19DEEFD-EF54-4F9E-9CD2-BA3AE8DD5FDE}.Release|x64.ActiveCfg = Release|x64
		{A19DEEFD-EF54-4F9E-9CD2-BA3AE8DD5FDE}.Release|x64.Build.0 = Release|x64
		{A19DEEFD-EF54-4F9E-9CD2-BA3AE8DD5FDE}.Release|x86.ActiveCfg = Release|Win32
		{A19DEEFD-EF54-4F9E-9CD2-BA3AE8DD5FDE}.Release|x86.Build.0 = Release|Win32
		{6937E493-C01A-4219-9143-BD88DFC1C6CB}.Debug|x64.ActiveCfg = Debug|x64
		{6937E493-C01A-4219-9143-BD88DFC1C6CB}.Debug|x64.Build.0 = Debug|x64
		{6937E493-C01A-4219-9143-BD88DFC1C6CB}.Debug|x86.ActiveCfg = Debug|Win32
		{6937E493-C01A-4219-9143-BD88DFC1C6CB}.Debug|x86.Build.0 = Debug|Win32
		{6937E493-C01A-4219-9143-BD88DFC1C6CB}.Release|x64.ActiveCfg = Release|x64
		{6937E493-C01A-4219-9143-BD88DFC1C6CB}.Release|x64.Build.0 = Release|x64
		{6937E493-C01A-4219-9143-BD88DFC1C6CB}.Release|x86.ActiveCfg = Release|Win32
		{6937E493-C01A-4219-9143-BD88DFC1C6CB}.Release|x86.Build.0 = Release|Win32
		{1ABE3648-0B50-4506-92DC-73BB56F8E1AC}.Debug|x64.ActiveCfg = Debug|x64
		{1ABE3648-0B50-4506-92DC-73BB56F8E1AC}.Debug|x64.Build.0 = Debug|x64
		{1ABE3648-0B50-4506-92DC-73BB56F8E1AC}.Debug|x86.ActiveCfg = Debug|Win32
		{1ABE3648-0B50-4506-92DC-73BB56F8E1AC}.Debug|x86.Build.0 = Debug|Win32
		{1ABE3648-0B50-4506-92DC-73BB56F8E1AC}.Release|x64.ActiveCfg = Release|x64
		{1ABE3648-0B50-4506-92DC-73BB56F8E1AC}.Release|x64.Build.0 = Release|x64
		{1ABE3648-0B50-4506-92DC-73BB56F8E1AC}.Release|x86.ActiveCfg = Release|Win32
		{1ABE3648-0B50-4506-92DC-73BB56F8E1AC}.Release|x86.Build.0 = Release|Win32
		{8E673F4C-6093-449C-830C-87362ABEFC94}.Debug|x64.ActiveCfg = Debug|x64
		{8E673F4C-6093-449C-830C-87362ABEFC94}.Debug|x64.Build.0 = Debug|x64
		{8E673F4C-6093-449C-830C-87362ABEFC94}.Debug|x86.ActiveCfg = Debug|Win32
		{8E673F4C-6093-449C-830C-87362ABEFC94}.Debug|x86.Build.0 = Debug|Win32
		{8E673F4C-6093-449C-830C-87362ABEFC94}.Release|x64.ActiveCfg = Release|x64
		{8E673F4C-6093-449C-830C-87362ABEFC94}.Release|x64.Build.0 = Release|x64
		{8E673F4C-6093-449C-830C-87362ABEFC94}.Release|x86.ActiveCfg = Release|Win32
		{8E673F4C-6093-449C-830C-87362ABEFC94}.Release|x86.Build.0 = Release|Win32
		{0D367740-03D7-47E8-96C7-8DC301BF8A2C}.Debug|x64.ActiveCfg = Debug|x64
		{0D367740-03D7-47E8-96C7-8DC301BF8A2C}.Debug|x64.Build.0 = Debug|x64
		{0D367740-03D7-47E8-96C7-8DC301BF8A2C}.Debug|x86.ActiveCfg = Debug|Win32
		{0D367740-03D7-47E8-96C7-8DC301BF8A2C}.Debug|x86.Build.0 = Debug|Win32
		{0D367740-03D7-47E8-96C7-8DC301BF8A2C}.Release|x64.ActiveCfg = Release|x64
		{0D367740-03D7-47E8-96C7-8DC301BF8A2C}.Release|x64.Build.0 = Release|x64
		{0D367740-03D7-47E8-96C7-8DC301BF8A2C}.Release|x86.ActiveCfg = Release|Win32
		{0D367740-03D7-47E8-96C7-8DC301BF8A2C}.Release|x86.Build.0 = Release|Win32
		{1CEA5D9C-B6DE-4D3E-9357-8F5135AE87DE}.Debug|x64.ActiveCfg = Debug|x64
		{1CEA5D9C-B6DE-4D3E-9357-8F5135AE87DE}.Debug|x64.Build.0 = Debug|x64
		{1CEA5D9C-B6DE-4D3E-9357-8F5135AE87DE}.Debug|x86.ActiveCfg = Debug|Win32
		{1CEA5D9C-B6DE-4D3E-9357-8F5135AE87DE}.Debug|x86.Build.0 = Debug|Win32
		{1CEA5D9C-B6DE-4D3E-9357-8F5135AE87DE}.Release|x64.ActiveCfg = Release|x64
		{1CEA5D9C-B6DE-4D3E-9357-8F5135AE87DE}.Release|x64.Build.0 = Release|x64
		{1CEA5D9C-B6DE-4D3E-9357-8F5135AE87DE}.Release|x86.ActiveCfg = Release|Win32
		{1CEA5D9C-B6DE-4D3E-9357-8F5135AE87DE}.Release|x86.Build.0 = Release|Win32
		{08052913-03BF-432A-A559-5AD249104253}.Debug|x64.ActiveCfg = Debug|x64
		{08052913-03BF-432A-A559-5AD249104253}.Debug|x64.Build.0 = Debug|x64
		{08052913-03BF-432A-A559-5AD249104253}.Debug|x86.ActiveCfg = Debug|Win32
		{08052913-03BF-432A-A559-5AD249104253}.Debug|x86.Build.0 = Debug|Win32
		{08052913-03BF-432A-A559-5AD249104253}.Release|x64.ActiveCfg = Release|x64
		{08052913-03BF-432A-A559-5AD249104253}.Release|x64.Build.0 = Release|x64
		{08052913-03BF-432A-A559-5AD249104253}.Release|x86.ActiveCfg = Release|Win32
		{08052913-03BF-432A-A559-5AD249104253}.Release|x86.Build.0 = Release|Win32
		{CA5177A0-9C9B-46C1-8FA7-605C6CC8BAD7}.Debug|x64.ActiveCfg = Debug|x64
		{CA5177A0-9C9B-46C1-8FA7-605C6CC8BAD7}.Debug|x64.Build.0 = Debug|x64
		{CA5177A0-9C9B-46C1-8FA7-605C6CC8BAD7}.Debug|x86.ActiveCfg = Debug|Win32
		{CA5177A0-9C9B-46C1-8FA7-605C6CC8BAD7}.Debug|x86.Build.0 = Debug|Win32
		{CA5177A0-9C9B-46C1-8FA7-605C6CC8BAD7}.Release|x64.ActiveCfg = Release|x64
		{CA5177A0-9C9B-46C1-8FA7-605C6CC8BAD7}.Release|x64.Build.0 = Release|x64
		{CA5177A0-9C9B-46C1-8FA7-605C6CC8BAD7}.Release|x86.ActiveCfg = Release|Win32
		{CA5177A0-9C9B-46C1-8FA7-605C6CC8BAD7}.Release|x86.Build.0 = Release|Win32
		{FDCA0E87-9C1D-4D59-B561-D49EECAD2F71}.Debug|x64.ActiveCfg = Debug|x64
		{FDCA0E87-9C1D-4D59-B561-D49EECAD2F71}.Debug|x64.Build.0 = Debug|x64
		{FDCA0E87-9C1D-4D59-B561-D49EECAD2F71}.Debug|x86.ActiveCfg = Debug|Win32
		{FDCA0E87-9C1D-4D59-B561-D49EECAD2F71}.Debug|x86.Build.0 = Debug|Win32
		{FDCA0E87-9C1D-4D59-B561-D49EECAD2F71}.Release|x64.ActiveCfg = Release|x64
		{FDCA0E87-9C1D-4D59-B561-D49EECAD2F71}.Release|x64.Build.0 = Release|x64
		{FDCA0E87-9C1D-4D59-B561-D49EECAD2F71}.Release|x86.ActiveCfg = Release|Win32
		{FDCA0E87-9C1D-4D59-B561-D49EECAD2F71}.Release|x86.Build.0 = Release|Win32
		{479AD568-DA53-484A-BA62-23D22AAB3AF6}.Debug|x64.ActiveCfg = Debug|x64
		{479AD568-DA53-484A-BA62-23D22AAB3AF6}.Debug|x64.Build.0 = Debug|x64
		{479AD568-DA53-484A-BA62-23D22AAB3AF6}.Debug|x86.ActiveCfg = Debug|Win32
		{479AD568-DA53-484A-BA62-23D22AAB3AF6}.Debug|x86.Build.0 = Debug|Win32
		{479AD568-DA53-484A-BA62-23D22AAB3AF6}.Release|x64.ActiveCfg = Release|x64
		{479AD568-DA53-484A-BA62-23D22AAB3AF6}.Release|x64.Build.0 = Release|x64
		{479AD568-DA53-484A-BA62-23D22AAB3AF6}.Release|x86.ActiveCfg = Release|Win32
		{479AD568-DA53-484A-BA62-23D22AAB3AF6}.Release|x86.Build.0 = Release|Win32
		{6751918B-A141-489E-9B51-BF141603D0F1}.Debug|x64.ActiveCfg = Debug|x64
		{6751918B-A141-489E-9B51-BF141603D0F1}.Debug|x64.Build.0 = Debug|x64
		{6751918B-A141-489E-9B51-BF141603D0F1}.Debug|x86.ActiveCfg = Debug|Win32
		{6751918B-A141-489E-9B51-BF141603D0F1}.Debug|x86.Build.0 = Debug|Win32
		{6751918B-A141-489E-9B51-BF141603D0F1}.Release|x64.ActiveCfg = Release|x64
		{6751918B-A141-489E-9B51-BF141603D0F1}.Release|x64.Build.0 = Release|x64
		{6751918B-A141-489E-9B51-BF141603D0F1}.Release|x86.ActiveCfg = Release|Win32
		{6751918B-A141-489E-9B51-BF141603D0F1}.Release|x86.Build.0 = Release|Win32
	EndGlobalSection
	GlobalSection(SolutionProperties) = preSolution
		HideSolutionNode = FALSE
	EndGlobalSection
	GlobalSection(ExtensibilityGlobals) = postSolution
		SolutionGuid = {0774B693-18C4-434F-80C5-6C95F32B6F4E}
	EndGlobalSection
EndGlobal
